
Microsoft Visual Studio Solution File, Format Version 12.00
# Visual Studio Version 16
VisualStudioVersion = 16.0.31410.357
MinimumVisualStudioVersion = 10.0.40219.1
Project("{FAE04EC0-301F-11D3-BF4B-00C04F79EFBC}") = "Q9", "Q9\Q9.csproj", "{94F4D51A-1739-4E1A-B89A-72C6D58A3FCF}"
EndProject
Global
	GlobalSection(SolutionConfigurationPlatforms) = preSolution
		Debug|Any CPU = Debug|Any CPU
		Release|Any CPU = Release|Any CPU
	EndGlobalSection
	GlobalSection(ProjectConfigurationPlatforms) = postSolution
		{94F4D51A-1739-4E1A-B89A-72C6D58A3FCF}.Debug|Any CPU.ActiveCfg = Debug|Any CPU
		{94F4D51A-1739-4E1A-B89A-72C6D58A3FCF}.Debug|Any CPU.Build.0 = Debug|Any CPU
		{94F4D51A-1739-4E1A-B89A-72C6D58A3FCF}.Release|Any CPU.ActiveCfg = Release|Any CPU
		{94F4D51A-1739-4E1A-B89A-72C6D58A3FCF}.Release|Any CPU.Build.0 = Release|Any CPU
	EndGlobalSection
	GlobalSection(SolutionProperties) = preSolution
		HideSolutionNode = FALSE
	EndGlobalSection
	GlobalSection(ExtensibilityGlobals) = postSolution
		SolutionGuid = {413DC099-5D62-4A9A-B02E-ED1DE1629BF9}
	EndGlobalSection
EndGlobal
